
Microsoft Visual Studio Solution File, Format Version 12.00
# Visual Studio Version 16
VisualStudioVersion = 16.0.31402.337
MinimumVisualStudioVersion = 10.0.40219.1
Project("{FAE04EC0-301F-11D3-BF4B-00C04F79EFBC}") = "RVLife", "RVLife.csproj", "{221E9C36-C390-460F-AD57-0B423D940E90}"
EndProject
Global
	GlobalSection(SolutionConfigurationPlatforms) = preSolution
		Debug|Any CPU = Debug|Any CPU
		Release|Any CPU = Release|Any CPU
	EndGlobalSection
	GlobalSection(ProjectConfigurationPlatforms) = postSolution
		{221E9C36-C390-460F-AD57-0B423D940E90}.Debug|Any CPU.ActiveCfg = Debug|Any CPU
		{221E9C36-C390-460F-AD57-0B423D940E90}.Debug|Any CPU.Build.0 = Debug|Any CPU
		{221E9C36-C390-460F-AD57-0B423D940E90}.Release|Any CPU.ActiveCfg = Release|Any CPU
		{221E9C36-C390-460F-AD57-0B423D940E90}.Release|Any CPU.Build.0 = Release|Any CPU
	EndGlobalSection
	GlobalSection(SolutionProperties) = preSolution
		HideSolutionNode = FALSE
	EndGlobalSection
	GlobalSection(ExtensibilityGlobals) = postSolution
		SolutionGuid = {98718D90-7F65-4B0C-B452-32B3250C41CE}
	EndGlobalSection
EndGlobal
